github.com/joshjon/conduit-ci v0.0.0-20251002071300-c56057a3f7a3 h1:0HZ9v44eEcGck2xCJyQN6KODwF2sghrSq5BSaFufEIk=
github.com/joshjon/conduit-ci v0.0.0-20251002071300-c56057a3f7a3/go.mod h1:VJzF9oTOEhirAOAMczZs1VvZNLlpVJfOd7j8KZjAT4c=
github.com/joshjon/conduit-ci v0.0.0-20251002072858-bb7b05ee72b0 h1:j5VN4O9S+6Wbn6YpDnkkO1ssL5LEcaKc0fMcgI1PB7k=
github.com/joshjon/conduit-ci v0.0.0-20251002072858-bb7b05ee72b0/go.mod h1:VJzF9oTOEhirAOAMczZs1VvZNLlpVJfOd7j8KZjAT4c=
